
Microsoft Visual Studio Solution File, Format Version 12.00
# Visual Studio Version 17
VisualStudioVersion = 17.2.32616.157
MinimumVisualStudioVersion = 10.0.40219.1
Project("{FAE04EC0-301F-11D3-BF4B-00C04F79EFBC}") = "NWXray", "NWXray.csproj", "{6ABEFBB1-E6B4-475A-ACB2-9E4097AAB069}"
EndProject
Global
	GlobalSection(SolutionConfigurationPlatforms) = preSolution
		Debug|Any CPU = Debug|Any CPU
		Release|Any CPU = Release|Any CPU
	EndGlobalSection
	GlobalSection(ProjectConfigurationPlatforms) = postSolution
		{6ABEFBB1-E6B4-475A-ACB2-9E4097AAB069}.Debug|Any CPU.ActiveCfg = Debug|Any CPU
		{6ABEFBB1-E6B4-475A-ACB2-9E4097AAB069}.Debug|Any CPU.Build.0 = Debug|Any CPU
		{6ABEFBB1-E6B4-475A-ACB2-9E4097AAB069}.Release|Any CPU.ActiveCfg = Release|Any CPU
		{6ABEFBB1-E6B4-475A-ACB2-9E4097AAB069}.Release|Any CPU.Build.0 = Release|Any CPU
	EndGlobalSection
	GlobalSection(SolutionProperties) = preSolution
		HideSolutionNode = FALSE
	EndGlobalSection
	GlobalSection(ExtensibilityGlobals) = postSolution
		SolutionGuid = {D1F7F1EA-2416-4E8E-852A-742A785E3593}
	EndGlobalSection
EndGlobal
